
Microsoft Visual Studio Solution File, Format Version 12.00
# Visual Studio Version 17
VisualStudioVersion = 17.14.36301.6 d17.14
MinimumVisualStudioVersion = 10.0.40219.1
Project("{FAE04EC0-301F-11D3-BF4B-00C04F79EFBC}") = "ProductionPlanningDashboard", "ProductionPlanningDashboard\ProductionPlanningDashboard.csproj", "{09E9BDC6-5F0C-4567-ABE5-2E21B85F7E55}"
EndProject
Global
	GlobalSection(SolutionConfigurationPlatforms) = preSolution
		Debug|Any CPU = Debug|Any CPU
		Release|Any CPU = Release|Any CPU
	EndGlobalSection
	GlobalSection(ProjectConfigurationPlatforms) = postSolution
		{09E9BDC6-5F0C-4567-ABE5-2E21B85F7E55}.Debug|Any CPU.ActiveCfg = Debug|Any CPU
		{09E9BDC6-5F0C-4567-ABE5-2E21B85F7E55}.Debug|Any CPU.Build.0 = Debug|Any CPU
		{09E9BDC6-5F0C-4567-ABE5-2E21B85F7E55}.Release|Any CPU.ActiveCfg = Release|Any CPU
		{09E9BDC6-5F0C-4567-ABE5-2E21B85F7E55}.Release|Any CPU.Build.0 = Release|Any CPU
	EndGlobalSection
	GlobalSection(SolutionProperties) = preSolution
		HideSolutionNode = FALSE
	EndGlobalSection
	GlobalSection(ExtensibilityGlobals) = postSolution
		SolutionGuid = {ED844B1D-87CA-4EB1-B475-39B0A0FC6DCC}
	EndGlobalSection
EndGlobal
